
Microsoft Visual Studio Solution File, Format Version 12.00
# Visual Studio 15
VisualStudioVersion = 15.0.28010.2003
MinimumVisualStudioVersion = 10.0.40219.1
Project("{FAE04EC0-301F-11D3-BF4B-00C04F79EFBC}") = "Bartender", "Bartender\Bartender.csproj", "{EABCB62A-4B5B-4A83-B669-012B478C9332}"
EndProject
Global
	GlobalSection(SolutionConfigurationPlatforms) = preSolution
		Debug|Any CPU = Debug|Any CPU
		Release|Any CPU = Release|Any CPU
	EndGlobalSection
	GlobalSection(ProjectConfigurationPlatforms) = postSolution
		{EABCB62A-4B5B-4A83-B669-012B478C9332}.Debug|Any CPU.ActiveCfg = Debug|Any CPU
		{EABCB62A-4B5B-4A83-B669-012B478C9332}.Debug|Any CPU.Build.0 = Debug|Any CPU
		{EABCB62A-4B5B-4A83-B669-012B478C9332}.Release|Any CPU.ActiveCfg = Release|Any CPU
		{EABCB62A-4B5B-4A83-B669-012B478C9332}.Release|Any CPU.Build.0 = Release|Any CPU
	EndGlobalSection
	GlobalSection(SolutionProperties) = preSolution
		HideSolutionNode = FALSE
	EndGlobalSection
	GlobalSection(ExtensibilityGlobals) = postSolution
		SolutionGuid = {BE12FFD1-D738-4925-BAC1-E095441E9F74}
	EndGlobalSection
EndGlobal
